
Microsoft Visual Studio Solution File, Format Version 12.00
# Visual Studio Version 17
VisualStudioVersion = 17.6.33829.357
MinimumVisualStudioVersion = 10.0.40219.1
Project("{FAE04EC0-301F-11D3-BF4B-00C04F79EFBC}") = "WebAnnuityCalculator", "WebAnnuityCalculator\WebAnnuityCalculator.csproj", "{50AA61D0-BC37-49D4-A01E-845FCE2E61C7}"
EndProject
Global
	GlobalSection(SolutionConfigurationPlatforms) = preSolution
		Debug|Any CPU = Debug|Any CPU
		Release|Any CPU = Release|Any CPU
	EndGlobalSection
	GlobalSection(ProjectConfigurationPlatforms) = postSolution
		{50AA61D0-BC37-49D4-A01E-845FCE2E61C7}.Debug|Any CPU.ActiveCfg = Debug|Any CPU
		{50AA61D0-BC37-49D4-A01E-845FCE2E61C7}.Debug|Any CPU.Build.0 = Debug|Any CPU
		{50AA61D0-BC37-49D4-A01E-845FCE2E61C7}.Release|Any CPU.ActiveCfg = Release|Any CPU
		{50AA61D0-BC37-49D4-A01E-845FCE2E61C7}.Release|Any CPU.Build.0 = Release|Any CPU
	EndGlobalSection
	GlobalSection(SolutionProperties) = preSolution
		HideSolutionNode = FALSE
	EndGlobalSection
	GlobalSection(ExtensibilityGlobals) = postSolution
		SolutionGuid = {80565748-F912-4DD1-902C-D6E4A42A0FA4}
	EndGlobalSection
EndGlobal
